
Microsoft Visual Studio Solution File, Format Version 12.00
# Visual Studio Version 16
VisualStudioVersion = 16.0.30011.22
MinimumVisualStudioVersion = 10.0.40219.1
Project("{FAE04EC0-301F-11D3-BF4B-00C04F79EFBC}") = "Projeto_Cadastro_Clientes", "Projeto_Cadastro_Clientes\Projeto_Cadastro_Clientes.csproj", "{6FA5204B-D936-4BF0-BDB4-9EC5E3B4926D}"
EndProject
Project("{FAE04EC0-301F-11D3-BF4B-00C04F79EFBC}") = "Model", "Model\Model.csproj", "{F12D92C9-9738-49CB-B23B-551A30EE83F4}"
EndProject
Project("{FAE04EC0-301F-11D3-BF4B-00C04F79EFBC}") = "Database", "Database\Database.csproj", "{4ED2F21E-4805-4566-A033-356AA2D4B1C7}"
EndProject
Global
	GlobalSection(SolutionConfigurationPlatforms) = preSolution
		Debug|Any CPU = Debug|Any CPU
		Release|Any CPU = Release|Any CPU
	EndGlobalSection
	GlobalSection(ProjectConfigurationPlatforms) = postSolution
		{6FA5204B-D936-4BF0-BDB4-9EC5E3B4926D}.Debug|Any CPU.ActiveCfg = Debug|Any CPU
		{6FA5204B-D936-4BF0-BDB4-9EC5E3B4926D}.Debug|Any CPU.Build.0 = Debug|Any CPU
		{6FA5204B-D936-4BF0-BDB4-9EC5E3B4926D}.Release|Any CPU.ActiveCfg = Release|Any CPU
		{6FA5204B-D936-4BF0-BDB4-9EC5E3B4926D}.Release|Any CPU.Build.0 = Release|Any CPU
		{F12D92C9-9738-49CB-B23B-551A30EE83F4}.Debug|Any CPU.ActiveCfg = Debug|Any CPU
		{F12D92C9-9738-49CB-B23B-551A30EE83F4}.Debug|Any CPU.Build.0 = Debug|Any CPU
		{F12D92C9-9738-49CB-B23B-551A30EE83F4}.Release|Any CPU.ActiveCfg = Release|Any CPU
		{F12D92C9-9738-49CB-B23B-551A30EE83F4}.Release|Any CPU.Build.0 = Release|Any CPU
		{4ED2F21E-4805-4566-A033-356AA2D4B1C7}.Debug|Any CPU.ActiveCfg = Debug|Any CPU
		{4ED2F21E-4805-4566-A033-356AA2D4B1C7}.Debug|Any CPU.Build.0 = Debug|Any CPU
		{4ED2F21E-4805-4566-A033-356AA2D4B1C7}.Release|Any CPU.ActiveCfg = Release|Any CPU
		{4ED2F21E-4805-4566-A033-356AA2D4B1C7}.Release|Any CPU.Build.0 = Release|Any CPU
	EndGlobalSection
	GlobalSection(SolutionProperties) = preSolution
		HideSolutionNode = FALSE
	EndGlobalSection
	GlobalSection(ExtensibilityGlobals) = postSolution
		SolutionGuid = {BDC4174B-32E6-4F15-B9E7-5874390C16DE}
	EndGlobalSection
EndGlobal
